
Microsoft Visual Studio Solution File, Format Version 12.00
# Visual Studio 15
Project("{FAE04EC0-301F-11D3-BF4B-00C04F79EFBC}") = "Assembly-CSharp", "Assembly-CSharp.csproj", "{953118A7-818F-77BC-1C36-1B32C0B36121}"
EndProject
Global
	GlobalSection(SolutionConfigurationPlatforms) = preSolution
		Debug|Any CPU = Debug|Any CPU
		Release|Any CPU = Release|Any CPU
	EndGlobalSection
	GlobalSection(ProjectConfigurationPlatforms) = postSolution
		{953118A7-818F-77BC-1C36-1B32C0B36121}.Debug|Any CPU.ActiveCfg = Debug|Any CPU
		{953118A7-818F-77BC-1C36-1B32C0B36121}.Debug|Any CPU.Build.0 = Debug|Any CPU
		{953118A7-818F-77BC-1C36-1B32C0B36121}.Release|Any CPU.ActiveCfg = Release|Any CPU
		{953118A7-818F-77BC-1C36-1B32C0B36121}.Release|Any CPU.Build.0 = Release|Any CPU
	EndGlobalSection
	GlobalSection(SolutionProperties) = preSolution
		HideSolutionNode = FALSE
	EndGlobalSection
EndGlobal
